
Microsoft Visual Studio Solution File, Format Version 12.00
Project("{FAE04EC0-301F-11D3-BF4B-00C04F79EFBC}") = "NCourses.Services.Catalog.Api", "src\Services\Catalog\NCourses.Services.Catalog.Api\NCourses.Services.Catalog.Api.csproj", "{C0707F9C-82BD-4841-A14B-8A9DDF7C4DBF}"
EndProject
Project("{2150E333-8FDC-42A3-9474-1A3956D46DE8}") = "Services", "Services", "{83DA1116-F0AC-4B8B-8F64-084A6084F031}"
EndProject
Project("{2150E333-8FDC-42A3-9474-1A3956D46DE8}") = "Catalog", "Catalog", "{029B6B02-92B3-4F84-BC55-3F91E6E04CBF}"
EndProject
Project("{2150E333-8FDC-42A3-9474-1A3956D46DE8}") = "Shared", "Shared", "{3C8DA2FC-72A8-4E51-B285-30F55B3BCE6E}"
EndProject
Project("{FAE04EC0-301F-11D3-BF4B-00C04F79EFBC}") = "NCourses.Shared", "src\Shared\NCourses.Shared\NCourses.Shared.csproj", "{3F9F1EEC-5721-4108-9DA9-6D71ACA299EE}"
EndProject
Project("{2150E333-8FDC-42A3-9474-1A3956D46DE8}") = "src", "src", "{0B192269-AC4F-4E66-A78D-C88EF734DFD2}"
EndProject
Project("{2150E333-8FDC-42A3-9474-1A3956D46DE8}") = "IdentityServer", "IdentityServer", "{E3655901-F3F9-4131-8CD8-0CE48E5D4C20}"
EndProject
Project("{FAE04EC0-301F-11D3-BF4B-00C04F79EFBC}") = "NCourses.IdentityServer", "src\IdentityServer\NCourses.IdentityServer\NCourses.IdentityServer.csproj", "{04CE1862-CAAE-4794-B837-3341B486D11F}"
EndProject
Project("{2150E333-8FDC-42A3-9474-1A3956D46DE8}") = "PhotoStock", "PhotoStock", "{DCEC3A4F-DF5C-4072-BDBF-ED80FCE13D0D}"
EndProject
Project("{FAE04EC0-301F-11D3-BF4B-00C04F79EFBC}") = "NCourses.Services.PhotoStock.Api", "src\Services\PhotoStock\NCourses.Services.PhotoStock.Api\NCourses.Services.PhotoStock.Api.csproj", "{96CDED58-2D22-4B25-9F89-F53154EDE34B}"
EndProject
Project("{2150E333-8FDC-42A3-9474-1A3956D46DE8}") = "Basket", "Basket", "{B71D2C41-4892-4C26-9F3D-250D40D8C176}"
EndProject
Project("{FAE04EC0-301F-11D3-BF4B-00C04F79EFBC}") = "NCourses.Services.Basket.Api", "src\Services\Basket\NCourses.Services.Basket.Api\NCourses.Services.Basket.Api.csproj", "{B6BEF8DD-8636-4B45-A113-614829EBDF5E}"
EndProject
Project("{2150E333-8FDC-42A3-9474-1A3956D46DE8}") = "Discount", "Discount", "{BED8B28E-8BAA-4D19-A386-87634C4B29E0}"
EndProject
Project("{FAE04EC0-301F-11D3-BF4B-00C04F79EFBC}") = "NCourses.Services.Discount.Api", "src\Services\Discount\NCourses.Services.Discount.Api\NCourses.Services.Discount.Api.csproj", "{5D239BC4-AE06-439B-9329-E4F6AB5E9E78}"
EndProject
Project("{2150E333-8FDC-42A3-9474-1A3956D46DE8}") = "Order", "Order", "{7B6F4C9B-D9C2-4D53-92AF-FD39F608A3BA}"
EndProject
Project("{FAE04EC0-301F-11D3-BF4B-00C04F79EFBC}") = "NCourses.Services.Order.Api", "src\Services\Order\NCourses.Services.Order.Api\NCourses.Services.Order.Api.csproj", "{C9DCA050-F846-4208-AA9B-CEF48A9B944D}"
EndProject
Project("{FAE04EC0-301F-11D3-BF4B-00C04F79EFBC}") = "NCourses.Services.Order.Domain", "src\Services\Order\NCourses.Services.Order.Domain\NCourses.Services.Order.Domain.csproj", "{4D6092FC-CE65-4E46-9B17-0F2D52F991D9}"
EndProject
Project("{FAE04EC0-301F-11D3-BF4B-00C04F79EFBC}") = "NCourses.Services.Order.Application", "src\Services\Order\NCourses.Services.Order.Application\NCourses.Services.Order.Application.csproj", "{6F864DB6-153A-4EAE-8438-44A79727A5AC}"
EndProject
Project("{FAE04EC0-301F-11D3-BF4B-00C04F79EFBC}") = "NCourses.Services.Order.Infrastructure", "src\Services\Order\NCourses.Services.Order.Infrastructure\NCourses.Services.Order.Infrastructure.csproj", "{14CEB629-91C3-4AA5-A158-6BAB6C852A2E}"
EndProject
Project("{FAE04EC0-301F-11D3-BF4B-00C04F79EFBC}") = "NCourses.Services.Order.Domain.Core", "src\Services\Order\NCourses.Services.Order.Domain.Core\NCourses.Services.Order.Domain.Core.csproj", "{5B96ECA7-7367-4684-870E-9E6BCBF632F7}"
EndProject
Global
	GlobalSection(SolutionConfigurationPlatforms) = preSolution
		Debug|Any CPU = Debug|Any CPU
		Release|Any CPU = Release|Any CPU
	EndGlobalSection
	GlobalSection(ProjectConfigurationPlatforms) = postSolution
		{C0707F9C-82BD-4841-A14B-8A9DDF7C4DBF}.Debug|Any CPU.ActiveCfg = Debug|Any CPU
		{C0707F9C-82BD-4841-A14B-8A9DDF7C4DBF}.Debug|Any CPU.Build.0 = Debug|Any CPU
		{C0707F9C-82BD-4841-A14B-8A9DDF7C4DBF}.Release|Any CPU.ActiveCfg = Release|Any CPU
		{C0707F9C-82BD-4841-A14B-8A9DDF7C4DBF}.Release|Any CPU.Build.0 = Release|Any CPU
		{3F9F1EEC-5721-4108-9DA9-6D71ACA299EE}.Debug|Any CPU.ActiveCfg = Debug|Any CPU
		{3F9F1EEC-5721-4108-9DA9-6D71ACA299EE}.Debug|Any CPU.Build.0 = Debug|Any CPU
		{3F9F1EEC-5721-4108-9DA9-6D71ACA299EE}.Release|Any CPU.ActiveCfg = Release|Any CPU
		{3F9F1EEC-5721-4108-9DA9-6D71ACA299EE}.Release|Any CPU.Build.0 = Release|Any CPU
		{04CE1862-CAAE-4794-B837-3341B486D11F}.Debug|Any CPU.ActiveCfg = Debug|Any CPU
		{04CE1862-CAAE-4794-B837-3341B486D11F}.Debug|Any CPU.Build.0 = Debug|Any CPU
		{04CE1862-CAAE-4794-B837-3341B486D11F}.Release|Any CPU.ActiveCfg = Release|Any CPU
		{04CE1862-CAAE-4794-B837-3341B486D11F}.Release|Any CPU.Build.0 = Release|Any CPU
		{96CDED58-2D22-4B25-9F89-F53154EDE34B}.Debug|Any CPU.ActiveCfg = Debug|Any CPU
		{96CDED58-2D22-4B25-9F89-F53154EDE34B}.Debug|Any CPU.Build.0 = Debug|Any CPU
		{96CDED58-2D22-4B25-9F89-F53154EDE34B}.Release|Any CPU.ActiveCfg = Release|Any CPU
		{96CDED58-2D22-4B25-9F89-F53154EDE34B}.Release|Any CPU.Build.0 = Release|Any CPU
		{B6BEF8DD-8636-4B45-A113-614829EBDF5E}.Debug|Any CPU.ActiveCfg = Debug|Any CPU
		{B6BEF8DD-8636-4B45-A113-614829EBDF5E}.Debug|Any CPU.Build.0 = Debug|Any CPU
		{B6BEF8DD-8636-4B45-A113-614829EBDF5E}.Release|Any CPU.ActiveCfg = Release|Any CPU
		{B6BEF8DD-8636-4B45-A113-614829EBDF5E}.Release|Any CPU.Build.0 = Release|Any CPU
		{5D239BC4-AE06-439B-9329-E4F6AB5E9E78}.Debug|Any CPU.ActiveCfg = Debug|Any CPU
		{5D239BC4-AE06-439B-9329-E4F6AB5E9E78}.Debug|Any CPU.Build.0 = Debug|Any CPU
		{5D239BC4-AE06-439B-9329-E4F6AB5E9E78}.Release|Any CPU.ActiveCfg = Release|Any CPU
		{5D239BC4-AE06-439B-9329-E4F6AB5E9E78}.Release|Any CPU.Build.0 = Release|Any CPU
		{C9DCA050-F846-4208-AA9B-CEF48A9B944D}.Debug|Any CPU.ActiveCfg = Debug|Any CPU
		{C9DCA050-F846-4208-AA9B-CEF48A9B944D}.Debug|Any CPU.Build.0 = Debug|Any CPU
		{C9DCA050-F846-4208-AA9B-CEF48A9B944D}.Release|Any CPU.ActiveCfg = Release|Any CPU
		{C9DCA050-F846-4208-AA9B-CEF48A9B944D}.Release|Any CPU.Build.0 = Release|Any CPU
		{4D6092FC-CE65-4E46-9B17-0F2D52F991D9}.Debug|Any CPU.ActiveCfg = Debug|Any CPU
		{4D6092FC-CE65-4E46-9B17-0F2D52F991D9}.Debug|Any CPU.Build.0 = Debug|Any CPU
		{4D6092FC-CE65-4E46-9B17-0F2D52F991D9}.Release|Any CPU.ActiveCfg = Release|Any CPU
		{4D6092FC-CE65-4E46-9B17-0F2D52F991D9}.Release|Any CPU.Build.0 = Release|Any CPU
		{6F864DB6-153A-4EAE-8438-44A79727A5AC}.Debug|Any CPU.ActiveCfg = Debug|Any CPU
		{6F864DB6-153A-4EAE-8438-44A79727A5AC}.Debug|Any CPU.Build.0 = Debug|Any CPU
		{6F864DB6-153A-4EAE-8438-44A79727A5AC}.Release|Any CPU.ActiveCfg = Release|Any CPU
		{6F864DB6-153A-4EAE-8438-44A79727A5AC}.Release|Any CPU.Build.0 = Release|Any CPU
		{14CEB629-91C3-4AA5-A158-6BAB6C852A2E}.Debug|Any CPU.ActiveCfg = Debug|Any CPU
		{14CEB629-91C3-4AA5-A158-6BAB6C852A2E}.Debug|Any CPU.Build.0 = Debug|Any CPU
		{14CEB629-91C3-4AA5-A158-6BAB6C852A2E}.Release|Any CPU.ActiveCfg = Release|Any CPU
		{14CEB629-91C3-4AA5-A158-6BAB6C852A2E}.Release|Any CPU.Build.0 = Release|Any CPU
		{5B96ECA7-7367-4684-870E-9E6BCBF632F7}.Debug|Any CPU.ActiveCfg = Debug|Any CPU
		{5B96ECA7-7367-4684-870E-9E6BCBF632F7}.Debug|Any CPU.Build.0 = Debug|Any CPU
		{5B96ECA7-7367-4684-870E-9E6BCBF632F7}.Release|Any CPU.ActiveCfg = Release|Any CPU
		{5B96ECA7-7367-4684-870E-9E6BCBF632F7}.Release|Any CPU.Build.0 = Release|Any CPU
	EndGlobalSection
	GlobalSection(NestedProjects) = preSolution
		{029B6B02-92B3-4F84-BC55-3F91E6E04CBF} = {83DA1116-F0AC-4B8B-8F64-084A6084F031}
		{C0707F9C-82BD-4841-A14B-8A9DDF7C4DBF} = {029B6B02-92B3-4F84-BC55-3F91E6E04CBF}
		{3F9F1EEC-5721-4108-9DA9-6D71ACA299EE} = {3C8DA2FC-72A8-4E51-B285-30F55B3BCE6E}
		{3C8DA2FC-72A8-4E51-B285-30F55B3BCE6E} = {0B192269-AC4F-4E66-A78D-C88EF734DFD2}
		{83DA1116-F0AC-4B8B-8F64-084A6084F031} = {0B192269-AC4F-4E66-A78D-C88EF734DFD2}
		{E3655901-F3F9-4131-8CD8-0CE48E5D4C20} = {0B192269-AC4F-4E66-A78D-C88EF734DFD2}
		{04CE1862-CAAE-4794-B837-3341B486D11F} = {E3655901-F3F9-4131-8CD8-0CE48E5D4C20}
		{DCEC3A4F-DF5C-4072-BDBF-ED80FCE13D0D} = {83DA1116-F0AC-4B8B-8F64-084A6084F031}
		{96CDED58-2D22-4B25-9F89-F53154EDE34B} = {DCEC3A4F-DF5C-4072-BDBF-ED80FCE13D0D}
		{B71D2C41-4892-4C26-9F3D-250D40D8C176} = {83DA1116-F0AC-4B8B-8F64-084A6084F031}
		{B6BEF8DD-8636-4B45-A113-614829EBDF5E} = {B71D2C41-4892-4C26-9F3D-250D40D8C176}
		{BED8B28E-8BAA-4D19-A386-87634C4B29E0} = {83DA1116-F0AC-4B8B-8F64-084A6084F031}
		{5D239BC4-AE06-439B-9329-E4F6AB5E9E78} = {BED8B28E-8BAA-4D19-A386-87634C4B29E0}
		{7B6F4C9B-D9C2-4D53-92AF-FD39F608A3BA} = {83DA1116-F0AC-4B8B-8F64-084A6084F031}
		{C9DCA050-F846-4208-AA9B-CEF48A9B944D} = {7B6F4C9B-D9C2-4D53-92AF-FD39F608A3BA}
		{4D6092FC-CE65-4E46-9B17-0F2D52F991D9} = {7B6F4C9B-D9C2-4D53-92AF-FD39F608A3BA}
		{6F864DB6-153A-4EAE-8438-44A79727A5AC} = {7B6F4C9B-D9C2-4D53-92AF-FD39F608A3BA}
		{14CEB629-91C3-4AA5-A158-6BAB6C852A2E} = {7B6F4C9B-D9C2-4D53-92AF-FD39F608A3BA}
		{5B96ECA7-7367-4684-870E-9E6BCBF632F7} = {7B6F4C9B-D9C2-4D53-92AF-FD39F608A3BA}
	EndGlobalSection
EndGlobal
