
Microsoft Visual Studio Solution File, Format Version 12.00
Project("{FAE04EC0-301F-11D3-BF4B-00C04F79EFBC}") = "NCourses.Services.Catalog.Api", "src\Services\Catalog\NCourses.Services.Catalog.Api\NCourses.Services.Catalog.Api.csproj", "{C0707F9C-82BD-4841-A14B-8A9DDF7C4DBF}"
EndProject
Global
	GlobalSection(SolutionConfigurationPlatforms) = preSolution
		Debug|Any CPU = Debug|Any CPU
		Release|Any CPU = Release|Any CPU
	EndGlobalSection
	GlobalSection(ProjectConfigurationPlatforms) = postSolution
		{C0707F9C-82BD-4841-A14B-8A9DDF7C4DBF}.Debug|Any CPU.ActiveCfg = Debug|Any CPU
		{C0707F9C-82BD-4841-A14B-8A9DDF7C4DBF}.Debug|Any CPU.Build.0 = Debug|Any CPU
		{C0707F9C-82BD-4841-A14B-8A9DDF7C4DBF}.Release|Any CPU.ActiveCfg = Release|Any CPU
		{C0707F9C-82BD-4841-A14B-8A9DDF7C4DBF}.Release|Any CPU.Build.0 = Release|Any CPU
	EndGlobalSection
EndGlobal
