
Microsoft Visual Studio Solution File, Format Version 12.00
Project("{FAE04EC0-301F-11D3-BF4B-00C04F79EFBC}") = "NCourses.Services.Catalog.Api", "src\Services\Catalog\NCourses.Services.Catalog.Api\NCourses.Services.Catalog.Api.csproj", "{C0707F9C-82BD-4841-A14B-8A9DDF7C4DBF}"
EndProject
Project("{2150E333-8FDC-42A3-9474-1A3956D46DE8}") = "Services", "Services", "{83DA1116-F0AC-4B8B-8F64-084A6084F031}"
EndProject
Project("{2150E333-8FDC-42A3-9474-1A3956D46DE8}") = "Catalog", "Catalog", "{029B6B02-92B3-4F84-BC55-3F91E6E04CBF}"
EndProject
Project("{2150E333-8FDC-42A3-9474-1A3956D46DE8}") = "Shared", "Shared", "{3C8DA2FC-72A8-4E51-B285-30F55B3BCE6E}"
EndProject
Project("{FAE04EC0-301F-11D3-BF4B-00C04F79EFBC}") = "NCourses.Shared", "src\Shared\NCourses.Shared\NCourses.Shared.csproj", "{3F9F1EEC-5721-4108-9DA9-6D71ACA299EE}"
EndProject
Project("{2150E333-8FDC-42A3-9474-1A3956D46DE8}") = "src", "src", "{0B192269-AC4F-4E66-A78D-C88EF734DFD2}"
EndProject
Project("{2150E333-8FDC-42A3-9474-1A3956D46DE8}") = "IdentityServer", "IdentityServer", "{E3655901-F3F9-4131-8CD8-0CE48E5D4C20}"
EndProject
Project("{FAE04EC0-301F-11D3-BF4B-00C04F79EFBC}") = "NCourses.IdentityServer", "src\IdentityServer\NCourses.IdentityServer\NCourses.IdentityServer.csproj", "{04CE1862-CAAE-4794-B837-3341B486D11F}"
EndProject
Global
	GlobalSection(SolutionConfigurationPlatforms) = preSolution
		Debug|Any CPU = Debug|Any CPU
		Release|Any CPU = Release|Any CPU
	EndGlobalSection
	GlobalSection(ProjectConfigurationPlatforms) = postSolution
		{C0707F9C-82BD-4841-A14B-8A9DDF7C4DBF}.Debug|Any CPU.ActiveCfg = Debug|Any CPU
		{C0707F9C-82BD-4841-A14B-8A9DDF7C4DBF}.Debug|Any CPU.Build.0 = Debug|Any CPU
		{C0707F9C-82BD-4841-A14B-8A9DDF7C4DBF}.Release|Any CPU.ActiveCfg = Release|Any CPU
		{C0707F9C-82BD-4841-A14B-8A9DDF7C4DBF}.Release|Any CPU.Build.0 = Release|Any CPU
		{3F9F1EEC-5721-4108-9DA9-6D71ACA299EE}.Debug|Any CPU.ActiveCfg = Debug|Any CPU
		{3F9F1EEC-5721-4108-9DA9-6D71ACA299EE}.Debug|Any CPU.Build.0 = Debug|Any CPU
		{3F9F1EEC-5721-4108-9DA9-6D71ACA299EE}.Release|Any CPU.ActiveCfg = Release|Any CPU
		{3F9F1EEC-5721-4108-9DA9-6D71ACA299EE}.Release|Any CPU.Build.0 = Release|Any CPU
		{04CE1862-CAAE-4794-B837-3341B486D11F}.Debug|Any CPU.ActiveCfg = Debug|Any CPU
		{04CE1862-CAAE-4794-B837-3341B486D11F}.Debug|Any CPU.Build.0 = Debug|Any CPU
		{04CE1862-CAAE-4794-B837-3341B486D11F}.Release|Any CPU.ActiveCfg = Release|Any CPU
		{04CE1862-CAAE-4794-B837-3341B486D11F}.Release|Any CPU.Build.0 = Release|Any CPU
	EndGlobalSection
	GlobalSection(NestedProjects) = preSolution
		{029B6B02-92B3-4F84-BC55-3F91E6E04CBF} = {83DA1116-F0AC-4B8B-8F64-084A6084F031}
		{C0707F9C-82BD-4841-A14B-8A9DDF7C4DBF} = {029B6B02-92B3-4F84-BC55-3F91E6E04CBF}
		{3F9F1EEC-5721-4108-9DA9-6D71ACA299EE} = {3C8DA2FC-72A8-4E51-B285-30F55B3BCE6E}
		{3C8DA2FC-72A8-4E51-B285-30F55B3BCE6E} = {0B192269-AC4F-4E66-A78D-C88EF734DFD2}
		{83DA1116-F0AC-4B8B-8F64-084A6084F031} = {0B192269-AC4F-4E66-A78D-C88EF734DFD2}
		{E3655901-F3F9-4131-8CD8-0CE48E5D4C20} = {0B192269-AC4F-4E66-A78D-C88EF734DFD2}
		{04CE1862-CAAE-4794-B837-3341B486D11F} = {E3655901-F3F9-4131-8CD8-0CE48E5D4C20}
	EndGlobalSection
EndGlobal
